
Microsoft Visual Studio Solution File, Format Version 12.00
# Visual Studio Version 17
VisualStudioVersion = 17.2.32519.379
MinimumVisualStudioVersion = 10.0.40219.1
Project("{FAE04EC0-301F-11D3-BF4B-00C04F79EFBC}") = "MiniWebShop", "MiniWebShop\MiniWebShop.csproj", "{DDA99B51-98C7-4864-9994-D567D16F925B}"
EndProject
Global
	GlobalSection(SolutionConfigurationPlatforms) = preSolution
		Debug|Any CPU = Debug|Any CPU
		Release|Any CPU = Release|Any CPU
	EndGlobalSection
	GlobalSection(ProjectConfigurationPlatforms) = postSolution
		{DDA99B51-98C7-4864-9994-D567D16F925B}.Debug|Any CPU.ActiveCfg = Debug|Any CPU
		{DDA99B51-98C7-4864-9994-D567D16F925B}.Debug|Any CPU.Build.0 = Debug|Any CPU
		{DDA99B51-98C7-4864-9994-D567D16F925B}.Release|Any CPU.ActiveCfg = Release|Any CPU
		{DDA99B51-98C7-4864-9994-D567D16F925B}.Release|Any CPU.Build.0 = Release|Any CPU
	EndGlobalSection
	GlobalSection(SolutionProperties) = preSolution
		HideSolutionNode = FALSE
	EndGlobalSection
	GlobalSection(ExtensibilityGlobals) = postSolution
		SolutionGuid = {2C930ED4-9ECE-4389-A01C-20391B7D5AA3}
	EndGlobalSection
EndGlobal
